// !$*UTF8*$!
{
	archiveVersion = 1;
	classes = {
	};
	objectVersion = 46;
	objects = {

/* Begin PBXBuildFile section */
		3327F1641A4388F000CF3D84 /* CONTAINTests.m in Sources */ = {isa = PBXBuildFile; fileRef = 3327F1631A4388F000CF3D84 /* CONTAINTests.m */; };
		3364E8631D9C7E8E007EABBE /* Cocoa.framework in Frameworks */ = {isa = PBXBuildFile; fileRef = 3364E8621D9C7E8E007EABBE /* Cocoa.framework */; };
		33E21A9A1D9C013F00822EB9 /* ContainMacTests.m in Sources */ = {isa = PBXBuildFile; fileRef = 33E21A991D9C013F00822EB9 /* ContainMacTests.m */; };
		33E21AA51D9C013F00822EB9 /* ContainMacUITests.m in Sources */ = {isa = PBXBuildFile; fileRef = 33E21AA41D9C013F00822EB9 /* ContainMacUITests.m */; };
		33E21AB51D9C065400822EB9 /* Images.xcassets in Resources */ = {isa = PBXBuildFile; fileRef = 3327F1541A4388F000CF3D84 /* Images.xcassets */; };
		33E21AB61D9C065900822EB9 /* Images.xcassets in Resources */ = {isa = PBXBuildFile; fileRef = 3327F1541A4388F000CF3D84 /* Images.xcassets */; };
		33E21AC61D9C0DB000822EB9 /* SpriteKit.framework in Frameworks */ = {isa = PBXBuildFile; fileRef = 33E21AC51D9C0DB000822EB9 /* SpriteKit.framework */; };
		33E21AC71D9C0DEF00822EB9 /* SpriteKit.framework in Frameworks */ = {isa = PBXBuildFile; fileRef = 33E21AC51D9C0DB000822EB9 /* SpriteKit.framework */; };
		F6159E3D236800C800B911D0 /* Ball.swift in Sources */ = {isa = PBXBuildFile; fileRef = F6159E3C236800C800B911D0 /* Ball.swift */; };
		F6159E3F236802F700B911D0 /* Paddle.swift in Sources */ = {isa = PBXBuildFile; fileRef = F6159E3E236802F700B911D0 /* Paddle.swift */; };
		F645A2DA2368FFF400F2F591 /* AppDelegate.swift in Sources */ = {isa = PBXBuildFile; fileRef = F645A2D82368FFF400F2F591 /* AppDelegate.swift */; };
		F645A2DB2368FFF400F2F591 /* GameViewController.swift in Sources */ = {isa = PBXBuildFile; fileRef = F645A2D92368FFF400F2F591 /* GameViewController.swift */; };
		F645A32323690E2A00F2F591 /* GameplayKit.framework in Frameworks */ = {isa = PBXBuildFile; fileRef = F645A32223690E2A00F2F591 /* GameplayKit.framework */; };
		F645A32423690E4100F2F591 /* Main.storyboard in Resources */ = {isa = PBXBuildFile; fileRef = F645A31D23690B6700F2F591 /* Main.storyboard */; };
		F645A32523690E4800F2F591 /* LaunchScreen.storyboard in Resources */ = {isa = PBXBuildFile; fileRef = F645A31E23690B8500F2F591 /* LaunchScreen.storyboard */; };
		F6B1A82A2367FDE800BD1585 /* GameScene.swift in Sources */ = {isa = PBXBuildFile; fileRef = F6B1A8292367FDE800BD1585 /* GameScene.swift */; };
/* End PBXBuildFile section */

/* Begin PBXContainerItemProxy section */
		3327F15E1A4388F000CF3D84 /* PBXContainerItemProxy */ = {
			isa = PBXContainerItemProxy;
			containerPortal = 3327F1371A4388EF00CF3D84 /* Project object */;
			proxyType = 1;
			remoteGlobalIDString = 3327F13E1A4388EF00CF3D84;
			remoteInfo = CONTAIN;
		};
		33E21A961D9C013F00822EB9 /* PBXContainerItemProxy */ = {
			isa = PBXContainerItemProxy;
			containerPortal = 3327F1371A4388EF00CF3D84 /* Project object */;
			proxyType = 1;
			remoteGlobalIDString = 33E21A781D9C013F00822EB9;
			remoteInfo = ContainMac;
		};
		33E21AA11D9C013F00822EB9 /* PBXContainerItemProxy */ = {
			isa = PBXContainerItemProxy;
			containerPortal = 3327F1371A4388EF00CF3D84 /* Project object */;
			proxyType = 1;
			remoteGlobalIDString = 33E21A781D9C013F00822EB9;
			remoteInfo = ContainMac;
		};
/* End PBXContainerItemProxy section */

/* Begin PBXFileReference section */
		3327F13F1A4388EF00CF3D84 /* CONTAIN.app */ = {isa = PBXFileReference; explicitFileType = wrapper.application; includeInIndex = 0; path = CONTAIN.app; sourceTree = BUILT_PRODUCTS_DIR; };
		3327F1541A4388F000CF3D84 /* Images.xcassets */ = {isa = PBXFileReference; lastKnownFileType = folder.assetcatalog; path = Images.xcassets; sourceTree = "<group>"; };
		3327F15D1A4388F000CF3D84 /* CONTAINTests.xctest */ = {isa = PBXFileReference; explicitFileType = wrapper.cfbundle; includeInIndex = 0; path = CONTAINTests.xctest; sourceTree = BUILT_PRODUCTS_DIR; };
		3327F1621A4388F000CF3D84 /* Info.plist */ = {isa = PBXFileReference; lastKnownFileType = text.plist.xml; path = Info.plist; sourceTree = "<group>"; };
		3327F1631A4388F000CF3D84 /* CONTAINTests.m */ = {isa = PBXFileReference; lastKnownFileType = sourcecode.c.objc; path = CONTAINTests.m; sourceTree = "<group>"; };
		3364E8621D9C7E8E007EABBE /* Cocoa.framework */ = {isa = PBXFileReference; lastKnownFileType = wrapper.framework; name = Cocoa.framework; path = Platforms/MacOSX.platform/Developer/SDKs/MacOSX10.12.sdk/System/Library/Frameworks/Cocoa.framework; sourceTree = DEVELOPER_DIR; };
		33E21A791D9C013F00822EB9 /* ContainMac.app */ = {isa = PBXFileReference; explicitFileType = wrapper.application; includeInIndex = 0; path = ContainMac.app; sourceTree = BUILT_PRODUCTS_DIR; };
		33E21A901D9C013F00822EB9 /* macOSInfo.plist */ = {isa = PBXFileReference; lastKnownFileType = text.plist.xml; path = macOSInfo.plist; sourceTree = "<group>"; };
		33E21A951D9C013F00822EB9 /* ContainMacTests.xctest */ = {isa = PBXFileReference; explicitFileType = wrapper.cfbundle; includeInIndex = 0; path = ContainMacTests.xctest; sourceTree = BUILT_PRODUCTS_DIR; };
		33E21A991D9C013F00822EB9 /* ContainMacTests.m */ = {isa = PBXFileReference; lastKnownFileType = sourcecode.c.objc; path = ContainMacTests.m; sourceTree = "<group>"; };
		33E21A9B1D9C013F00822EB9 /* Info.plist */ = {isa = PBXFileReference; lastKnownFileType = text.plist.xml; path = Info.plist; sourceTree = "<group>"; };
		33E21AA01D9C013F00822EB9 /* ContainMacUITests.xctest */ = {isa = PBXFileReference; explicitFileType = wrapper.cfbundle; includeInIndex = 0; path = ContainMacUITests.xctest; sourceTree = BUILT_PRODUCTS_DIR; };
		33E21AA41D9C013F00822EB9 /* ContainMacUITests.m */ = {isa = PBXFileReference; lastKnownFileType = sourcecode.c.objc; path = ContainMacUITests.m; sourceTree = "<group>"; };
		33E21AA61D9C013F00822EB9 /* Info.plist */ = {isa = PBXFileReference; lastKnownFileType = text.plist.xml; path = Info.plist; sourceTree = "<group>"; };
		33E21ABD1D9C0BDE00822EB9 /* GameKit.framework */ = {isa = PBXFileReference; lastKnownFileType = wrapper.framework; name = GameKit.framework; path = System/Library/Frameworks/GameKit.framework; sourceTree = SDKROOT; };
		33E21AC11D9C0BEF00822EB9 /* iAd.framework */ = {isa = PBXFileReference; lastKnownFileType = wrapper.framework; name = iAd.framework; path = System/Library/Frameworks/iAd.framework; sourceTree = SDKROOT; };
		33E21AC51D9C0DB000822EB9 /* SpriteKit.framework */ = {isa = PBXFileReference; lastKnownFileType = wrapper.framework; name = SpriteKit.framework; path = System/Library/Frameworks/SpriteKit.framework; sourceTree = SDKROOT; };
		F6159E3C236800C800B911D0 /* Ball.swift */ = {isa = PBXFileReference; lastKnownFileType = sourcecode.swift; path = Ball.swift; sourceTree = "<group>"; };
		F6159E3E236802F700B911D0 /* Paddle.swift */ = {isa = PBXFileReference; lastKnownFileType = sourcecode.swift; path = Paddle.swift; sourceTree = "<group>"; };
		F645A2D82368FFF400F2F591 /* AppDelegate.swift */ = {isa = PBXFileReference; fileEncoding = 4; lastKnownFileType = sourcecode.swift; path = AppDelegate.swift; sourceTree = "<group>"; };
		F645A2D92368FFF400F2F591 /* GameViewController.swift */ = {isa = PBXFileReference; fileEncoding = 4; lastKnownFileType = sourcecode.swift; path = GameViewController.swift; sourceTree = "<group>"; };
		F645A31D23690B6700F2F591 /* Main.storyboard */ = {isa = PBXFileReference; lastKnownFileType = file.storyboard; path = Main.storyboard; sourceTree = "<group>"; };
		F645A31E23690B8500F2F591 /* LaunchScreen.storyboard */ = {isa = PBXFileReference; lastKnownFileType = file.storyboard; path = LaunchScreen.storyboard; sourceTree = "<group>"; };
		F645A31F23690C7D00F2F591 /* iOSInfo.plist */ = {isa = PBXFileReference; lastKnownFileType = text.plist.xml; path = iOSInfo.plist; sourceTree = "<group>"; };
		F645A32223690E2A00F2F591 /* GameplayKit.framework */ = {isa = PBXFileReference; lastKnownFileType = wrapper.framework; name = GameplayKit.framework; path = System/Library/Frameworks/GameplayKit.framework; sourceTree = SDKROOT; };
		F6B1A8282367FDE700BD1585 /* CONTAIN-Bridging-Header.h */ = {isa = PBXFileReference; lastKnownFileType = sourcecode.c.h; path = "CONTAIN-Bridging-Header.h"; sourceTree = "<group>"; };
		F6B1A8292367FDE800BD1585 /* GameScene.swift */ = {isa = PBXFileReference; lastKnownFileType = sourcecode.swift; path = GameScene.swift; sourceTree = "<group>"; };
/* End PBXFileReference section */

/* Begin PBXFrameworksBuildPhase section */
		3327F13C1A4388EF00CF3D84 /* Frameworks */ = {
			isa = PBXFrameworksBuildPhase;
			buildActionMask = 2147483647;
			files = (
				33E21AC61D9C0DB000822EB9 /* SpriteKit.framework in Frameworks */,
				F645A32323690E2A00F2F591 /* GameplayKit.framework in Frameworks */,
			);
			runOnlyForDeploymentPostprocessing = 0;
		};
		3327F15A1A4388F000CF3D84 /* Frameworks */ = {
			isa = PBXFrameworksBuildPhase;
			buildActionMask = 2147483647;
			files = (
			);
			runOnlyForDeploymentPostprocessing = 0;
		};
		33E21A761D9C013F00822EB9 /* Frameworks */ = {
			isa = PBXFrameworksBuildPhase;
			buildActionMask = 2147483647;
			files = (
				3364E8631D9C7E8E007EABBE /* Cocoa.framework in Frameworks */,
				33E21AC71D9C0DEF00822EB9 /* SpriteKit.framework in Frameworks */,
			);
			runOnlyForDeploymentPostprocessing = 0;
		};
		33E21A921D9C013F00822EB9 /* Frameworks */ = {
			isa = PBXFrameworksBuildPhase;
			buildActionMask = 2147483647;
			files = (
			);
			runOnlyForDeploymentPostprocessing = 0;
		};
		33E21A9D1D9C013F00822EB9 /* Frameworks */ = {
			isa = PBXFrameworksBuildPhase;
			buildActionMask = 2147483647;
			files = (
			);
			runOnlyForDeploymentPostprocessing = 0;
		};
/* End PBXFrameworksBuildPhase section */

/* Begin PBXGroup section */
		3327F1361A4388EF00CF3D84 = {
			isa = PBXGroup;
			children = (
				F645A2D82368FFF400F2F591 /* AppDelegate.swift */,
				F645A2D92368FFF400F2F591 /* GameViewController.swift */,
				F6B1A8292367FDE800BD1585 /* GameScene.swift */,
				F6159E3E236802F700B911D0 /* Paddle.swift */,
				F6159E3C236800C800B911D0 /* Ball.swift */,
				3327F1421A4388EF00CF3D84 /* Supporting Files */,
				3327F1411A4388EF00CF3D84 /* CONTAIN */,
				3327F1601A4388F000CF3D84 /* CONTAINTests */,
				33E21A7A1D9C013F00822EB9 /* ContainMac */,
				33E21A981D9C013F00822EB9 /* ContainMacTests */,
				33E21AA31D9C013F00822EB9 /* ContainMacUITests */,
				3327F1401A4388EF00CF3D84 /* Products */,
				33E21ABA1D9C0BCC00822EB9 /* Frameworks */,
				F6B1A8282367FDE700BD1585 /* CONTAIN-Bridging-Header.h */,
			);
			sourceTree = "<group>";
		};
		3327F1401A4388EF00CF3D84 /* Products */ = {
			isa = PBXGroup;
			children = (
				3327F13F1A4388EF00CF3D84 /* CONTAIN.app */,
				3327F15D1A4388F000CF3D84 /* CONTAINTests.xctest */,
				33E21A791D9C013F00822EB9 /* ContainMac.app */,
				33E21A951D9C013F00822EB9 /* ContainMacTests.xctest */,
				33E21AA01D9C013F00822EB9 /* ContainMacUITests.xctest */,
			);
			name = Products;
			sourceTree = "<group>";
		};
		3327F1411A4388EF00CF3D84 /* CONTAIN */ = {
			isa = PBXGroup;
			children = (
				F645A31D23690B6700F2F591 /* Main.storyboard */,
				F645A31E23690B8500F2F591 /* LaunchScreen.storyboard */,
				F645A31F23690C7D00F2F591 /* iOSInfo.plist */,
			);
			path = CONTAIN;
			sourceTree = "<group>";
		};
		3327F1421A4388EF00CF3D84 /* Supporting Files */ = {
			isa = PBXGroup;
			children = (
				3327F1541A4388F000CF3D84 /* Images.xcassets */,
			);
			name = "Supporting Files";
			path = CONTAIN;
			sourceTree = "<group>";
		};
		3327F1601A4388F000CF3D84 /* CONTAINTests */ = {
			isa = PBXGroup;
			children = (
				3327F1631A4388F000CF3D84 /* CONTAINTests.m */,
				3327F1611A4388F000CF3D84 /* Supporting Files */,
			);
			path = CONTAINTests;
			sourceTree = "<group>";
		};
		3327F1611A4388F000CF3D84 /* Supporting Files */ = {
			isa = PBXGroup;
			children = (
				3327F1621A4388F000CF3D84 /* Info.plist */,
			);
			name = "Supporting Files";
			sourceTree = "<group>";
		};
		33E21A7A1D9C013F00822EB9 /* ContainMac */ = {
			isa = PBXGroup;
			children = (
				33E21A901D9C013F00822EB9 /* macOSInfo.plist */,
				33E21A7E1D9C013F00822EB9 /* Supporting Files */,
			);
			path = ContainMac;
			sourceTree = "<group>";
		};
		33E21A7E1D9C013F00822EB9 /* Supporting Files */ = {
			isa = PBXGroup;
			children = (
			);
			name = "Supporting Files";
			sourceTree = "<group>";
		};
		33E21A981D9C013F00822EB9 /* ContainMacTests */ = {
			isa = PBXGroup;
			children = (
				33E21A991D9C013F00822EB9 /* ContainMacTests.m */,
				33E21A9B1D9C013F00822EB9 /* Info.plist */,
			);
			path = ContainMacTests;
			sourceTree = "<group>";
		};
		33E21AA31D9C013F00822EB9 /* ContainMacUITests */ = {
			isa = PBXGroup;
			children = (
				33E21AA41D9C013F00822EB9 /* ContainMacUITests.m */,
				33E21AA61D9C013F00822EB9 /* Info.plist */,
			);
			path = ContainMacUITests;
			sourceTree = "<group>";
		};
		33E21ABA1D9C0BCC00822EB9 /* Frameworks */ = {
			isa = PBXGroup;
			children = (
				F645A32223690E2A00F2F591 /* GameplayKit.framework */,
				3364E8621D9C7E8E007EABBE /* Cocoa.framework */,
				33E21AC51D9C0DB000822EB9 /* SpriteKit.framework */,
				33E21AC11D9C0BEF00822EB9 /* iAd.framework */,
				33E21ABD1D9C0BDE00822EB9 /* GameKit.framework */,
			);
			name = Frameworks;
			sourceTree = "<group>";
		};
/* End PBXGroup section */

/* Begin PBXNativeTarget section */
		3327F13E1A4388EF00CF3D84 /* CONTAIN */ = {
			isa = PBXNativeTarget;
			buildConfigurationList = 3327F1671A4388F000CF3D84 /* Build configuration list for PBXNativeTarget "CONTAIN" */;
			buildPhases = (
				3327F13B1A4388EF00CF3D84 /* Sources */,
				3327F13C1A4388EF00CF3D84 /* Frameworks */,
				3327F13D1A4388EF00CF3D84 /* Resources */,
			);
			buildRules = (
			);
			dependencies = (
			);
			name = CONTAIN;
			productName = CONTAIN;
			productReference = 3327F13F1A4388EF00CF3D84 /* CONTAIN.app */;
			productType = "com.apple.product-type.application";
		};
		3327F15C1A4388F000CF3D84 /* CONTAINTests */ = {
			isa = PBXNativeTarget;
			buildConfigurationList = 3327F16A1A4388F000CF3D84 /* Build configuration list for PBXNativeTarget "CONTAINTests" */;
			buildPhases = (
				3327F1591A4388F000CF3D84 /* Sources */,
				3327F15A1A4388F000CF3D84 /* Frameworks */,
				3327F15B1A4388F000CF3D84 /* Resources */,
			);
			buildRules = (
			);
			dependencies = (
				3327F15F1A4388F000CF3D84 /* PBXTargetDependency */,
			);
			name = CONTAINTests;
			productName = CONTAINTests;
			productReference = 3327F15D1A4388F000CF3D84 /* CONTAINTests.xctest */;
			productType = "com.apple.product-type.bundle.unit-test";
		};
		33E21A781D9C013F00822EB9 /* ContainMac */ = {
			isa = PBXNativeTarget;
			buildConfigurationList = 33E21AA71D9C013F00822EB9 /* Build configuration list for PBXNativeTarget "ContainMac" */;
			buildPhases = (
				33E21A751D9C013F00822EB9 /* Sources */,
				33E21A761D9C013F00822EB9 /* Frameworks */,
				33E21A771D9C013F00822EB9 /* Resources */,
			);
			buildRules = (
			);
			dependencies = (
			);
			name = ContainMac;
			productName = ContainMac;
			productReference = 33E21A791D9C013F00822EB9 /* ContainMac.app */;
			productType = "com.apple.product-type.application";
		};
		33E21A941D9C013F00822EB9 /* ContainMacTests */ = {
			isa = PBXNativeTarget;
			buildConfigurationList = 33E21AAA1D9C013F00822EB9 /* Build configuration list for PBXNativeTarget "ContainMacTests" */;
			buildPhases = (
				33E21A911D9C013F00822EB9 /* Sources */,
				33E21A921D9C013F00822EB9 /* Frameworks */,
				33E21A931D9C013F00822EB9 /* Resources */,
			);
			buildRules = (
			);
			dependencies = (
				33E21A971D9C013F00822EB9 /* PBXTargetDependency */,
			);
			name = ContainMacTests;
			productName = ContainMacTests;
			productReference = 33E21A951D9C013F00822EB9 /* ContainMacTests.xctest */;
			productType = "com.apple.product-type.bundle.unit-test";
		};
		33E21A9F1D9C013F00822EB9 /* ContainMacUITests */ = {
			isa = PBXNativeTarget;
			buildConfigurationList = 33E21AAD1D9C013F00822EB9 /* Build configuration list for PBXNativeTarget "ContainMacUITests" */;
			buildPhases = (
				33E21A9C1D9C013F00822EB9 /* Sources */,
				33E21A9D1D9C013F00822EB9 /* Frameworks */,
				33E21A9E1D9C013F00822EB9 /* Resources */,
			);
			buildRules = (
			);
			dependencies = (
				33E21AA21D9C013F00822EB9 /* PBXTargetDependency */,
			);
			name = ContainMacUITests;
			productName = ContainMacUITests;
			productReference = 33E21AA01D9C013F00822EB9 /* ContainMacUITests.xctest */;
			productType = "com.apple.product-type.bundle.ui-testing";
		};
/* End PBXNativeTarget section */

/* Begin PBXProject section */
		3327F1371A4388EF00CF3D84 /* Project object */ = {
			isa = PBXProject;
			attributes = {
				LastUpgradeCheck = 1110;
				ORGANIZATIONNAME = "Quinton Ashley";
				TargetAttributes = {
					3327F13E1A4388EF00CF3D84 = {
						CreatedOnToolsVersion = 6.0.1;
						DevelopmentTeam = 694UE597PK;
						LastSwiftMigration = 1110;
						SystemCapabilities = {
							com.apple.GameCenter = {
								enabled = 1;
							};
						};
					};
					3327F15C1A4388F000CF3D84 = {
						CreatedOnToolsVersion = 6.0.1;
						TestTargetID = 3327F13E1A4388EF00CF3D84;
					};
					33E21A781D9C013F00822EB9 = {
						CreatedOnToolsVersion = 8.0;
						DevelopmentTeam = 694UE597PK;
						ProvisioningStyle = Automatic;
					};
					33E21A941D9C013F00822EB9 = {
						CreatedOnToolsVersion = 8.0;
						DevelopmentTeam = 694UE597PK;
						ProvisioningStyle = Automatic;
						TestTargetID = 33E21A781D9C013F00822EB9;
					};
					33E21A9F1D9C013F00822EB9 = {
						CreatedOnToolsVersion = 8.0;
						DevelopmentTeam = 694UE597PK;
						ProvisioningStyle = Automatic;
						TestTargetID = 33E21A781D9C013F00822EB9;
					};
				};
			};
			buildConfigurationList = 3327F13A1A4388EF00CF3D84 /* Build configuration list for PBXProject "CONTAIN" */;
			compatibilityVersion = "Xcode 3.2";
			developmentRegion = en;
			hasScannedForEncodings = 0;
			knownRegions = (
				en,
				Base,
			);
			mainGroup = 3327F1361A4388EF00CF3D84;
			productRefGroup = 3327F1401A4388EF00CF3D84 /* Products */;
			projectDirPath = "";
			projectRoot = "";
			targets = (
				3327F13E1A4388EF00CF3D84 /* CONTAIN */,
				3327F15C1A4388F000CF3D84 /* CONTAINTests */,
				33E21A781D9C013F00822EB9 /* ContainMac */,
				33E21A941D9C013F00822EB9 /* ContainMacTests */,
				33E21A9F1D9C013F00822EB9 /* ContainMacUITests */,
			);
		};
/* End PBXProject section */

/* Begin PBXResourcesBuildPhase section */
		3327F13D1A4388EF00CF3D84 /* Resources */ = {
			isa = PBXResourcesBuildPhase;
			buildActionMask = 2147483647;
			files = (
				F645A32523690E4800F2F591 /* LaunchScreen.storyboard in Resources */,
				F645A32423690E4100F2F591 /* Main.storyboard in Resources */,
				33E21AB61D9C065900822EB9 /* Images.xcassets in Resources */,
			);
			runOnlyForDeploymentPostprocessing = 0;
		};
		3327F15B1A4388F000CF3D84 /* Resources */ = {
			isa = PBXResourcesBuildPhase;
			buildActionMask = 2147483647;
			files = (
			);
			runOnlyForDeploymentPostprocessing = 0;
		};
		33E21A771D9C013F00822EB9 /* Resources */ = {
			isa = PBXResourcesBuildPhase;
			buildActionMask = 2147483647;
			files = (
				33E21AB51D9C065400822EB9 /* Images.xcassets in Resources */,
			);
			runOnlyForDeploymentPostprocessing = 0;
		};
		33E21A931D9C013F00822EB9 /* Resources */ = {
			isa = PBXResourcesBuildPhase;
			buildActionMask = 2147483647;
			files = (
			);
			runOnlyForDeploymentPostprocessing = 0;
		};
		33E21A9E1D9C013F00822EB9 /* Resources */ = {
			isa = PBXResourcesBuildPhase;
			buildActionMask = 2147483647;
			files = (
			);
			runOnlyForDeploymentPostprocessing = 0;
		};
/* End PBXResourcesBuildPhase section */

/* Begin PBXSourcesBuildPhase section */
		3327F13B1A4388EF00CF3D84 /* Sources */ = {
			isa = PBXSourcesBuildPhase;
			buildActionMask = 2147483647;
			files = (
				F6159E3D236800C800B911D0 /* Ball.swift in Sources */,
				F6159E3F236802F700B911D0 /* Paddle.swift in Sources */,
				F645A2DB2368FFF400F2F591 /* GameViewController.swift in Sources */,
				F6B1A82A2367FDE800BD1585 /* GameScene.swift in Sources */,
				F645A2DA2368FFF400F2F591 /* AppDelegate.swift in Sources */,
			);
			runOnlyForDeploymentPostprocessing = 0;
		};
		3327F1591A4388F000CF3D84 /* Sources */ = {
			isa = PBXSourcesBuildPhase;
			buildActionMask = 2147483647;
			files = (
				3327F1641A4388F000CF3D84 /* CONTAINTests.m in Sources */,
			);
			runOnlyForDeploymentPostprocessing = 0;
		};
		33E21A751D9C013F00822EB9 /* Sources */ = {
			isa = PBXSourcesBuildPhase;
			buildActionMask = 2147483647;
			files = (
			);
			runOnlyForDeploymentPostprocessing = 0;
		};
		33E21A911D9C013F00822EB9 /* Sources */ = {
			isa = PBXSourcesBuildPhase;
			buildActionMask = 2147483647;
			files = (
				33E21A9A1D9C013F00822EB9 /* ContainMacTests.m in Sources */,
			);
			runOnlyForDeploymentPostprocessing = 0;
		};
		33E21A9C1D9C013F00822EB9 /* Sources */ = {
			isa = PBXSourcesBuildPhase;
			buildActionMask = 2147483647;
			files = (
				33E21AA51D9C013F00822EB9 /* ContainMacUITests.m in Sources */,
			);
			runOnlyForDeploymentPostprocessing = 0;
		};
/* End PBXSourcesBuildPhase section */

/* Begin PBXTargetDependency section */
		3327F15F1A4388F000CF3D84 /* PBXTargetDependency */ = {
			isa = PBXTargetDependency;
			target = 3327F13E1A4388EF00CF3D84 /* CONTAIN */;
			targetProxy = 3327F15E1A4388F000CF3D84 /* PBXContainerItemProxy */;
		};
		33E21A971D9C013F00822EB9 /* PBXTargetDependency */ = {
			isa = PBXTargetDependency;
			target = 33E21A781D9C013F00822EB9 /* ContainMac */;
			targetProxy = 33E21A961D9C013F00822EB9 /* PBXContainerItemProxy */;
		};
		33E21AA21D9C013F00822EB9 /* PBXTargetDependency */ = {
			isa = PBXTargetDependency;
			target = 33E21A781D9C013F00822EB9 /* ContainMac */;
			targetProxy = 33E21AA11D9C013F00822EB9 /* PBXContainerItemProxy */;
		};
/* End PBXTargetDependency section */

/* Begin XCBuildConfiguration section */
		3327F1651A4388F000CF3D84 /* Debug */ = {
			isa = XCBuildConfiguration;
			buildSettings = {
				ALWAYS_SEARCH_USER_PATHS = NO;
				CLANG_ANALYZER_LOCALIZABILITY_NONLOCALIZED = YES;
				CLANG_CXX_LANGUAGE_STANDARD = "gnu++0x";
				CLANG_CXX_LIBRARY = "libc++";
				CLANG_ENABLE_MODULES = YES;
				CLANG_ENABLE_OBJC_ARC = YES;
				CLANG_WARN_BLOCK_CAPTURE_AUTORELEASING = YES;
				CLANG_WARN_BOOL_CONVERSION = YES;
				CLANG_WARN_COMMA = YES;
				CLANG_WARN_CONSTANT_CONVERSION = YES;
				CLANG_WARN_DEPRECATED_OBJC_IMPLEMENTATIONS = YES;
				CLANG_WARN_DIRECT_OBJC_ISA_USAGE = YES_ERROR;
				CLANG_WARN_EMPTY_BODY = YES;
				CLANG_WARN_ENUM_CONVERSION = YES;
				CLANG_WARN_INFINITE_RECURSION = YES;
				CLANG_WARN_INT_CONVERSION = YES;
				CLANG_WARN_NON_LITERAL_NULL_CONVERSION = YES;
				CLANG_WARN_OBJC_IMPLICIT_RETAIN_SELF = YES;
				CLANG_WARN_OBJC_LITERAL_CONVERSION = YES;
				CLANG_WARN_OBJC_ROOT_CLASS = YES_ERROR;
				CLANG_WARN_RANGE_LOOP_ANALYSIS = YES;
				CLANG_WARN_STRICT_PROTOTYPES = YES;
				CLANG_WARN_SUSPICIOUS_MOVE = YES;
				CLANG_WARN_UNREACHABLE_CODE = YES;
				CLANG_WARN__DUPLICATE_METHOD_MATCH = YES;
				"CODE_SIGN_IDENTITY[sdk=iphoneos*]" = "iPhone Developer";
				COPY_PHASE_STRIP = NO;
				ENABLE_STRICT_OBJC_MSGSEND = YES;
				ENABLE_TESTABILITY = YES;
				GCC_C_LANGUAGE_STANDARD = gnu99;
				GCC_DYNAMIC_NO_PIC = NO;
				GCC_NO_COMMON_BLOCKS = YES;
				GCC_OPTIMIZATION_LEVEL = 0;
				GCC_PREPROCESSOR_DEFINITIONS = (
					"DEBUG=1",
					"$(inherited)",
				);
				GCC_SYMBOLS_PRIVATE_EXTERN = NO;
				GCC_WARN_64_TO_32_BIT_CONVERSION = YES;
				GCC_WARN_ABOUT_RETURN_TYPE = YES_ERROR;
				GCC_WARN_UNDECLARED_SELECTOR = YES;
				GCC_WARN_UNINITIALIZED_AUTOS = YES_AGGRESSIVE;
				GCC_WARN_UNUSED_FUNCTION = YES;
				GCC_WARN_UNUSED_VARIABLE = YES;
				IPHONEOS_DEPLOYMENT_TARGET = 9.1;
				MACOSX_DEPLOYMENT_TARGET = 10.12;
				MTL_ENABLE_DEBUG_INFO = YES;
				ONLY_ACTIVE_ARCH = YES;
				SDKROOT = iphoneos;
			};
			name = Debug;
		};
		3327F1661A4388F000CF3D84 /* Release */ = {
			isa = XCBuildConfiguration;
			buildSettings = {
				ALWAYS_SEARCH_USER_PATHS = NO;
				CLANG_ANALYZER_LOCALIZABILITY_NONLOCALIZED = YES;
				CLANG_CXX_LANGUAGE_STANDARD = "gnu++0x";
				CLANG_CXX_LIBRARY = "libc++";
				CLANG_ENABLE_MODULES = YES;
				CLANG_ENABLE_OBJC_ARC = YES;
				CLANG_WARN_BLOCK_CAPTURE_AUTORELEASING = YES;
				CLANG_WARN_BOOL_CONVERSION = YES;
				CLANG_WARN_COMMA = YES;
				CLANG_WARN_CONSTANT_CONVERSION = YES;
				CLANG_WARN_DEPRECATED_OBJC_IMPLEMENTATIONS = YES;
				CLANG_WARN_DIRECT_OBJC_ISA_USAGE = YES_ERROR;
				CLANG_WARN_EMPTY_BODY = YES;
				CLANG_WARN_ENUM_CONVERSION = YES;
				CLANG_WARN_INFINITE_RECURSION = YES;
				CLANG_WARN_INT_CONVERSION = YES;
				CLANG_WARN_NON_LITERAL_NULL_CONVERSION = YES;
				CLANG_WARN_OBJC_IMPLICIT_RETAIN_SELF = YES;
				CLANG_WARN_OBJC_LITERAL_CONVERSION = YES;
				CLANG_WARN_OBJC_ROOT_CLASS = YES_ERROR;
				CLANG_WARN_RANGE_LOOP_ANALYSIS = YES;
				CLANG_WARN_STRICT_PROTOTYPES = YES;
				CLANG_WARN_SUSPICIOUS_MOVE = YES;
				CLANG_WARN_UNREACHABLE_CODE = YES;
				CLANG_WARN__DUPLICATE_METHOD_MATCH = YES;
				"CODE_SIGN_IDENTITY[sdk=iphoneos*]" = "iPhone Developer";
				COPY_PHASE_STRIP = YES;
				ENABLE_NS_ASSERTIONS = NO;
				ENABLE_STRICT_OBJC_MSGSEND = YES;
				GCC_C_LANGUAGE_STANDARD = gnu99;
				GCC_NO_COMMON_BLOCKS = YES;
				GCC_WARN_64_TO_32_BIT_CONVERSION = YES;
				GCC_WARN_ABOUT_RETURN_TYPE = YES_ERROR;
				GCC_WARN_UNDECLARED_SELECTOR = YES;
				GCC_WARN_UNINITIALIZED_AUTOS = YES_AGGRESSIVE;
				GCC_WARN_UNUSED_FUNCTION = YES;
				GCC_WARN_UNUSED_VARIABLE = YES;
				IPHONEOS_DEPLOYMENT_TARGET = 9.1;
				MACOSX_DEPLOYMENT_TARGET = 10.12;
				MTL_ENABLE_DEBUG_INFO = NO;
				SDKROOT = iphoneos;
				VALIDATE_PRODUCT = YES;
			};
			name = Release;
		};
		3327F1681A4388F000CF3D84 /* Debug */ = {
			isa = XCBuildConfiguration;
			buildSettings = {
				ASSETCATALOG_COMPILER_APPICON_NAME = AppIcon;
				CLANG_ENABLE_MODULES = YES;
				CODE_SIGN_IDENTITY = "iPhone Developer";
				"CODE_SIGN_IDENTITY[sdk=iphoneos*]" = "iPhone Developer";
				DEVELOPMENT_TEAM = 694UE597PK;
				INFOPLIST_FILE = CONTAIN/iOSInfo.plist;
				IPHONEOS_DEPLOYMENT_TARGET = 11.2;
				LD_RUNPATH_SEARCH_PATHS = "$(inherited) @executable_path/Frameworks";
				PRODUCT_BUNDLE_IDENTIFIER = "Quinton-Ashley.CONTAIN";
				PRODUCT_NAME = CONTAIN;
				PROVISIONING_PROFILE = "";
				SWIFT_OBJC_BRIDGING_HEADER = "CONTAIN-Bridging-Header.h";
				SWIFT_OPTIMIZATION_LEVEL = "-Onone";
				SWIFT_VERSION = 4.0;
				TARGETED_DEVICE_FAMILY = "1,2";
			};
			name = Debug;
		};
		3327F1691A4388F000CF3D84 /* Release */ = {
			isa = XCBuildConfiguration;
			buildSettings = {
				ASSETCATALOG_COMPILER_APPICON_NAME = AppIcon;
				CLANG_ENABLE_MODULES = YES;
				CODE_SIGN_IDENTITY = "iPhone Developer";
				"CODE_SIGN_IDENTITY[sdk=iphoneos*]" = "iPhone Developer";
				DEVELOPMENT_TEAM = 694UE597PK;
				INFOPLIST_FILE = CONTAIN/iOSInfo.plist;
				IPHONEOS_DEPLOYMENT_TARGET = 11.2;
				LD_RUNPATH_SEARCH_PATHS = "$(inherited) @executable_path/Frameworks";
				PRODUCT_BUNDLE_IDENTIFIER = "Quinton-Ashley.CONTAIN";
				PRODUCT_NAME = CONTAIN;
				PROVISIONING_PROFILE = "";
				SWIFT_OBJC_BRIDGING_HEADER = "CONTAIN-Bridging-Header.h";
				SWIFT_VERSION = 4.0;
				TARGETED_DEVICE_FAMILY = "1,2";
			};
			name = Release;
		};
		3327F16B1A4388F000CF3D84 /* Debug */ = {
			isa = XCBuildConfiguration;
			buildSettings = {
				ALWAYS_EMBED_SWIFT_STANDARD_LIBRARIES = YES;
				BUNDLE_LOADER = "$(TEST_HOST)";
				FRAMEWORK_SEARCH_PATHS = (
					"$(SDKROOT)/Developer/Library/Frameworks",
					"$(inherited)",
				);
				GCC_PREPROCESSOR_DEFINITIONS = (
					"DEBUG=1",
					"$(inherited)",
				);
				INFOPLIST_FILE = CONTAINTests/Info.plist;
				LD_RUNPATH_SEARCH_PATHS = "$(inherited) @executable_path/Frameworks @loader_path/Frameworks";
				PRODUCT_BUNDLE_IDENTIFIER = "David-Ashley.$(PRODUCT_NAME:rfc1034identifier)";
				PRODUCT_NAME = CONTAINTests;
				TEST_HOST = "$(BUILT_PRODUCTS_DIR)/CONTAIN.app/CONTAIN";
			};
			name = Debug;
		};
		3327F16C1A4388F000CF3D84 /* Release */ = {
			isa = XCBuildConfiguration;
			buildSettings = {
				ALWAYS_EMBED_SWIFT_STANDARD_LIBRARIES = YES;
				BUNDLE_LOADER = "$(TEST_HOST)";
				FRAMEWORK_SEARCH_PATHS = (
					"$(SDKROOT)/Developer/Library/Frameworks",
					"$(inherited)",
				);
				INFOPLIST_FILE = CONTAINTests/Info.plist;
				LD_RUNPATH_SEARCH_PATHS = "$(inherited) @executable_path/Frameworks @loader_path/Frameworks";
				PRODUCT_BUNDLE_IDENTIFIER = "David-Ashley.$(PRODUCT_NAME:rfc1034identifier)";
				PRODUCT_NAME = CONTAINTests;
				TEST_HOST = "$(BUILT_PRODUCTS_DIR)/CONTAIN.app/CONTAIN";
			};
			name = Release;
		};
		33E21AA81D9C013F00822EB9 /* Debug */ = {
			isa = XCBuildConfiguration;
			buildSettings = {
				ASSETCATALOG_COMPILER_APPICON_NAME = AppIcon;
				CLANG_ANALYZER_NONNULL = YES;
				CLANG_WARN_DOCUMENTATION_COMMENTS = YES;
				CLANG_WARN_INFINITE_RECURSION = YES;
				CLANG_WARN_SUSPICIOUS_MOVES = YES;
				CODE_SIGN_IDENTITY = "Mac Developer";
				COMBINE_HIDPI_IMAGES = YES;
				DEBUG_INFORMATION_FORMAT = dwarf;
				DEVELOPMENT_TEAM = 694UE597PK;
				ENABLE_HARDENED_RUNTIME = YES;
				GCC_NO_COMMON_BLOCKS = YES;
				INFOPLIST_FILE = ContainMac/macOSInfo.plist;
				LD_RUNPATH_SEARCH_PATHS = "$(inherited) @executable_path/../Frameworks";
				MACOSX_DEPLOYMENT_TARGET = 10.12;
				PRODUCT_BUNDLE_IDENTIFIER = com.qashto.ContainMac;
				PRODUCT_NAME = "$(TARGET_NAME)";
				SDKROOT = macosx;
			};
			name = Debug;
		};
		33E21AA91D9C013F00822EB9 /* Release */ = {
			isa = XCBuildConfiguration;
			buildSettings = {
				ASSETCATALOG_COMPILER_APPICON_NAME = AppIcon;
				CLANG_ANALYZER_NONNULL = YES;
				CLANG_WARN_DOCUMENTATION_COMMENTS = YES;
				CLANG_WARN_INFINITE_RECURSION = YES;
				CLANG_WARN_SUSPICIOUS_MOVES = YES;
				CODE_SIGN_IDENTITY = "Mac Developer";
				COMBINE_HIDPI_IMAGES = YES;
				COPY_PHASE_STRIP = NO;
				DEBUG_INFORMATION_FORMAT = "dwarf-with-dsym";
				DEVELOPMENT_TEAM = 694UE597PK;
				ENABLE_HARDENED_RUNTIME = YES;
				GCC_NO_COMMON_BLOCKS = YES;
				INFOPLIST_FILE = ContainMac/macOSInfo.plist;
				LD_RUNPATH_SEARCH_PATHS = "$(inherited) @executable_path/../Frameworks";
				MACOSX_DEPLOYMENT_TARGET = 10.12;
				PRODUCT_BUNDLE_IDENTIFIER = com.qashto.ContainMac;
				PRODUCT_NAME = "$(TARGET_NAME)";
				SDKROOT = macosx;
			};
			name = Release;
		};
		33E21AAB1D9C013F00822EB9 /* Debug */ = {
			isa = XCBuildConfiguration;
			buildSettings = {
				BUNDLE_LOADER = "$(TEST_HOST)";
				CLANG_ANALYZER_NONNULL = YES;
				CLANG_WARN_DOCUMENTATION_COMMENTS = YES;
				CLANG_WARN_INFINITE_RECURSION = YES;
				CLANG_WARN_SUSPICIOUS_MOVES = YES;
				CODE_SIGN_IDENTITY = "-";
				COMBINE_HIDPI_IMAGES = YES;
				DEBUG_INFORMATION_FORMAT = dwarf;
				DEVELOPMENT_TEAM = 694UE597PK;
				GCC_NO_COMMON_BLOCKS = YES;
				INFOPLIST_FILE = ContainMacTests/Info.plist;
				LD_RUNPATH_SEARCH_PATHS = "$(inherited) @executable_path/../Frameworks @loader_path/../Frameworks";
				MACOSX_DEPLOYMENT_TARGET = 10.12;
				PRODUCT_BUNDLE_IDENTIFIER = com.qashto.ContainMacTests;
				PRODUCT_NAME = "$(TARGET_NAME)";
				SDKROOT = macosx;
				TEST_HOST = "$(BUILT_PRODUCTS_DIR)/ContainMac.app/Contents/MacOS/ContainMac";
			};
			name = Debug;
		};
		33E21AAC1D9C013F00822EB9 /* Release */ = {
			isa = XCBuildConfiguration;
			buildSettings = {
				BUNDLE_LOADER = "$(TEST_HOST)";
				CLANG_ANALYZER_NONNULL = YES;
				CLANG_WARN_DOCUMENTATION_COMMENTS = YES;
				CLANG_WARN_INFINITE_RECURSION = YES;
				CLANG_WARN_SUSPICIOUS_MOVES = YES;
				CODE_SIGN_IDENTITY = "-";
				COMBINE_HIDPI_IMAGES = YES;
				COPY_PHASE_STRIP = NO;
				DEBUG_INFORMATION_FORMAT = "dwarf-with-dsym";
				DEVELOPMENT_TEAM = 694UE597PK;
				GCC_NO_COMMON_BLOCKS = YES;
				INFOPLIST_FILE = ContainMacTests/Info.plist;
				LD_RUNPATH_SEARCH_PATHS = "$(inherited) @executable_path/../Frameworks @loader_path/../Frameworks";
				MACOSX_DEPLOYMENT_TARGET = 10.12;
				PRODUCT_BUNDLE_IDENTIFIER = com.qashto.ContainMacTests;
				PRODUCT_NAME = "$(TARGET_NAME)";
				SDKROOT = macosx;
				TEST_HOST = "$(BUILT_PRODUCTS_DIR)/ContainMac.app/Contents/MacOS/ContainMac";
			};
			name = Release;
		};
		33E21AAE1D9C013F00822EB9 /* Debug */ = {
			isa = XCBuildConfiguration;
			buildSettings = {
				CLANG_ANALYZER_NONNULL = YES;
				CLANG_WARN_DOCUMENTATION_COMMENTS = YES;
				CLANG_WARN_INFINITE_RECURSION = YES;
				CLANG_WARN_SUSPICIOUS_MOVES = YES;
				CODE_SIGN_IDENTITY = "-";
				COMBINE_HIDPI_IMAGES = YES;
				DEBUG_INFORMATION_FORMAT = dwarf;
				DEVELOPMENT_TEAM = 694UE597PK;
				GCC_NO_COMMON_BLOCKS = YES;
				INFOPLIST_FILE = ContainMacUITests/Info.plist;
				LD_RUNPATH_SEARCH_PATHS = "$(inherited) @executable_path/../Frameworks @loader_path/../Frameworks";
				MACOSX_DEPLOYMENT_TARGET = 10.12;
				PRODUCT_BUNDLE_IDENTIFIER = com.qashto.ContainMacUITests;
				PRODUCT_NAME = "$(TARGET_NAME)";
				SDKROOT = macosx;
				TEST_TARGET_NAME = ContainMac;
			};
			name = Debug;
		};
		33E21AAF1D9C013F00822EB9 /* Release */ = {
			isa = XCBuildConfiguration;
			buildSettings = {
				CLANG_ANALYZER_NONNULL = YES;
				CLANG_WARN_DOCUMENTATION_COMMENTS = YES;
				CLANG_WARN_INFINITE_RECURSION = YES;
				CLANG_WARN_SUSPICIOUS_MOVES = YES;
				CODE_SIGN_IDENTITY = "-";
				COMBINE_HIDPI_IMAGES = YES;
				COPY_PHASE_STRIP = NO;
				DEBUG_INFORMATION_FORMAT = "dwarf-with-dsym";
				DEVELOPMENT_TEAM = 694UE597PK;
				GCC_NO_COMMON_BLOCKS = YES;
				INFOPLIST_FILE = ContainMacUITests/Info.plist;
				LD_RUNPATH_SEARCH_PATHS = "$(inherited) @executable_path/../Frameworks @loader_path/../Frameworks";
				MACOSX_DEPLOYMENT_TARGET = 10.12;
				PRODUCT_BUNDLE_IDENTIFIER = com.qashto.ContainMacUITests;
				PRODUCT_NAME = "$(TARGET_NAME)";
				SDKROOT = macosx;
				TEST_TARGET_NAME = ContainMac;
			};
			name = Release;
		};
/* End XCBuildConfiguration section */

/* Begin XCConfigurationList section */
		3327F13A1A4388EF00CF3D84 /* Build configuration list for PBXProject "CONTAIN" */ = {
			isa = XCConfigurationList;
			buildConfigurations = (
				3327F1651A4388F000CF3D84 /* Debug */,
				3327F1661A4388F000CF3D84 /* Release */,
			);
			defaultConfigurationIsVisible = 0;
			defaultConfigurationName = Release;
		};
		3327F1671A4388F000CF3D84 /* Build configuration list for PBXNativeTarget "CONTAIN" */ = {
			isa = XCConfigurationList;
			buildConfigurations = (
				3327F1681A4388F000CF3D84 /* Debug */,
				3327F1691A4388F000CF3D84 /* Release */,
			);
			defaultConfigurationIsVisible = 0;
			defaultConfigurationName = Release;
		};
		3327F16A1A4388F000CF3D84 /* Build configuration list for PBXNativeTarget "CONTAINTests" */ = {
			isa = XCConfigurationList;
			buildConfigurations = (
				3327F16B1A4388F000CF3D84 /* Debug */,
				3327F16C1A4388F000CF3D84 /* Release */,
			);
			defaultConfigurationIsVisible = 0;
			defaultConfigurationName = Release;
		};
		33E21AA71D9C013F00822EB9 /* Build configuration list for PBXNativeTarget "ContainMac" */ = {
			isa = XCConfigurationList;
			buildConfigurations = (
				33E21AA81D9C013F00822EB9 /* Debug */,
				33E21AA91D9C013F00822EB9 /* Release */,
			);
			defaultConfigurationIsVisible = 0;
			defaultConfigurationName = Release;
		};
		33E21AAA1D9C013F00822EB9 /* Build configuration list for PBXNativeTarget "ContainMacTests" */ = {
			isa = XCConfigurationList;
			buildConfigurations = (
				33E21AAB1D9C013F00822EB9 /* Debug */,
				33E21AAC1D9C013F00822EB9 /* Release */,
			);
			defaultConfigurationIsVisible = 0;
			defaultConfigurationName = Release;
		};
		33E21AAD1D9C013F00822EB9 /* Build configuration list for PBXNativeTarget "ContainMacUITests" */ = {
			isa = XCConfigurationList;
			buildConfigurations = (
				33E21AAE1D9C013F00822EB9 /* Debug */,
				33E21AAF1D9C013F00822EB9 /* Release */,
			);
			defaultConfigurationIsVisible = 0;
			defaultConfigurationName = Release;
		};
/* End XCConfigurationList section */
	};
	rootObject = 3327F1371A4388EF00CF3D84 /* Project object */;
}
